// !$*UTF8*$!
{
	archiveVersion = 1;
	classes = {
	};
	objectVersion = 50;
	objects = {

/* Begin PBXBuildFile section */
		FB88508D273E8BF700805EFD /* AppDelegate.swift in Sources */ = {isa = PBXBuildFile; fileRef = FB88508C273E8BF700805EFD /* AppDelegate.swift */; };
		FB88508F273E8BF700805EFD /* SceneDelegate.swift in Sources */ = {isa = PBXBuildFile; fileRef = FB88508E273E8BF700805EFD /* SceneDelegate.swift */; };
		FB885091273E8BF700805EFD /* ViewController.swift in Sources */ = {isa = PBXBuildFile; fileRef = FB885090273E8BF700805EFD /* ViewController.swift */; };
		FB885094273E8BF700805EFD /* Main.storyboard in Resources */ = {isa = PBXBuildFile; fileRef = FB885092273E8BF700805EFD /* Main.storyboard */; };
		FB885096273E8BF800805EFD /* Assets.xcassets in Resources */ = {isa = PBXBuildFile; fileRef = FB885095273E8BF800805EFD /* Assets.xcassets */; };
		FB885099273E8BF800805EFD /* LaunchScreen.storyboard in Resources */ = {isa = PBXBuildFile; fileRef = FB885097273E8BF800805EFD /* LaunchScreen.storyboard */; };
		FB8850A4273E8BF800805EFD /* PrimeraAppTests.swift in Sources */ = {isa = PBXBuildFile; fileRef = FB8850A3273E8BF800805EFD /* PrimeraAppTests.swift */; };
		FB8850AF273E8BF800805EFD /* PrimeraAppUITests.swift in Sources */ = {isa = PBXBuildFile; fileRef = FB8850AE273E8BF800805EFD /* PrimeraAppUITests.swift */; };
/* End PBXBuildFile section */

/* Begin PBXContainerItemProxy section */
		FB8850A0273E8BF800805EFD /* PBXContainerItemProxy */ = {
			isa = PBXContainerItemProxy;
			containerPortal = FB885081273E8BF700805EFD /* Project object */;
			proxyType = 1;
			remoteGlobalIDString = FB885088273E8BF700805EFD;
			remoteInfo = PrimeraApp;
		};
		FB8850AB273E8BF800805EFD /* PBXContainerItemProxy */ = {
			isa = PBXContainerItemProxy;
			containerPortal = FB885081273E8BF700805EFD /* Project object */;
			proxyType = 1;
			remoteGlobalIDString = FB885088273E8BF700805EFD;
			remoteInfo = PrimeraApp;
		};
/* End PBXContainerItemProxy section */

/* Begin PBXFileReference section */
		FB885089273E8BF700805EFD /* PrimeraApp.app */ = {isa = PBXFileReference; explicitFileType = wrapper.application; includeInIndex = 0; path = PrimeraApp.app; sourceTree = BUILT_PRODUCTS_DIR; };
		FB88508C273E8BF700805EFD /* AppDelegate.swift */ = {isa = PBXFileReference; lastKnownFileType = sourcecode.swift; path = AppDelegate.swift; sourceTree = "<group>"; };
		FB88508E273E8BF700805EFD /* SceneDelegate.swift */ = {isa = PBXFileReference; lastKnownFileType = sourcecode.swift; path = SceneDelegate.swift; sourceTree = "<group>"; };
		FB885090273E8BF700805EFD /* ViewController.swift */ = {isa = PBXFileReference; lastKnownFileType = sourcecode.swift; path = ViewController.swift; sourceTree = "<group>"; };
		FB885093273E8BF700805EFD /* Base */ = {isa = PBXFileReference; lastKnownFileType = file.storyboard; name = Base; path = Base.lproj/Main.storyboard; sourceTree = "<group>"; };
		FB885095273E8BF800805EFD /* Assets.xcassets */ = {isa = PBXFileReference; lastKnownFileType = folder.assetcatalog; path = Assets.xcassets; sourceTree = "<group>"; };
		FB885098273E8BF800805EFD /* Base */ = {isa = PBXFileReference; lastKnownFileType = file.storyboard; name = Base; path = Base.lproj/LaunchScreen.storyboard; sourceTree = "<group>"; };
		FB88509A273E8BF800805EFD /* Info.plist */ = {isa = PBXFileReference; lastKnownFileType = text.plist.xml; path = Info.plist; sourceTree = "<group>"; };
		FB88509F273E8BF800805EFD /* PrimeraAppTests.xctest */ = {isa = PBXFileReference; explicitFileType = wrapper.cfbundle; includeInIndex = 0; path = PrimeraAppTests.xctest; sourceTree = BUILT_PRODUCTS_DIR; };
		FB8850A3273E8BF800805EFD /* PrimeraAppTests.swift */ = {isa = PBXFileReference; lastKnownFileType = sourcecode.swift; path = PrimeraAppTests.swift; sourceTree = "<group>"; };
		FB8850A5273E8BF800805EFD /* Info.plist */ = {isa = PBXFileReference; lastKnownFileType = text.plist.xml; path = Info.plist; sourceTree = "<group>"; };
		FB8850AA273E8BF800805EFD /* PrimeraAppUITests.xctest */ = {isa = PBXFileReference; explicitFileType = wrapper.cfbundle; includeInIndex = 0; path = PrimeraAppUITests.xctest; sourceTree = BUILT_PRODUCTS_DIR; };
		FB8850AE273E8BF800805EFD /* PrimeraAppUITests.swift */ = {isa = PBXFileReference; lastKnownFileType = sourcecode.swift; path = PrimeraAppUITests.swift; sourceTree = "<group>"; };
		FB8850B0273E8BF800805EFD /* Info.plist */ = {isa = PBXFileReference; lastKnownFileType = text.plist.xml; path = Info.plist; sourceTree = "<group>"; };
/* End PBXFileReference section */

/* Begin PBXFrameworksBuildPhase section */
		FB885086273E8BF700805EFD /* Frameworks */ = {
			isa = PBXFrameworksBuildPhase;
			buildActionMask = 2147483647;
			files = (
			);
			runOnlyForDeploymentPostprocessing = 0;
		};
		FB88509C273E8BF800805EFD /* Frameworks */ = {
			isa = PBXFrameworksBuildPhase;
			buildActionMask = 2147483647;
			files = (
			);
			runOnlyForDeploymentPostprocessing = 0;
		};
		FB8850A7273E8BF800805EFD /* Frameworks */ = {
			isa = PBXFrameworksBuildPhase;
			buildActionMask = 2147483647;
			files = (
			);
			runOnlyForDeploymentPostprocessing = 0;
		};
/* End PBXFrameworksBuildPhase section */

/* Begin PBXGroup section */
		FB885080273E8BF700805EFD = {
			isa = PBXGroup;
			children = (
				FB88508B273E8BF700805EFD /* PrimeraApp */,
				FB8850A2273E8BF800805EFD /* PrimeraAppTests */,
				FB8850AD273E8BF800805EFD /* PrimeraAppUITests */,
				FB88508A273E8BF700805EFD /* Products */,
			);
			sourceTree = "<group>";
		};
		FB88508A273E8BF700805EFD /* Products */ = {
			isa = PBXGroup;
			children = (
				FB885089273E8BF700805EFD /* PrimeraApp.app */,
				FB88509F273E8BF800805EFD /* PrimeraAppTests.xctest */,
				FB8850AA273E8BF800805EFD /* PrimeraAppUITests.xctest */,
			);
			name = Products;
			sourceTree = "<group>";
		};
		FB88508B273E8BF700805EFD /* PrimeraApp */ = {
			isa = PBXGroup;
			children = (
				FB88508C273E8BF700805EFD /* AppDelegate.swift */,
				FB88508E273E8BF700805EFD /* SceneDelegate.swift */,
				FB885090273E8BF700805EFD /* ViewController.swift */,
				FB885092273E8BF700805EFD /* Main.storyboard */,
				FB885095273E8BF800805EFD /* Assets.xcassets */,
				FB885097273E8BF800805EFD /* LaunchScreen.storyboard */,
				FB88509A273E8BF800805EFD /* Info.plist */,
			);
			path = PrimeraApp;
			sourceTree = "<group>";
		};
		FB8850A2273E8BF800805EFD /* PrimeraAppTests */ = {
			isa = PBXGroup;
			children = (
				FB8850A3273E8BF800805EFD /* PrimeraAppTests.swift */,
				FB8850A5273E8BF800805EFD /* Info.plist */,
			);
			path = PrimeraAppTests;
			sourceTree = "<group>";
		};
		FB8850AD273E8BF800805EFD /* PrimeraAppUITests */ = {
			isa = PBXGroup;
			children = (
				FB8850AE273E8BF800805EFD /* PrimeraAppUITests.swift */,
				FB8850B0273E8BF800805EFD /* Info.plist */,
			);
			path = PrimeraAppUITests;
			sourceTree = "<group>";
		};
/* End PBXGroup section */

/* Begin PBXNativeTarget section */
		FB885088273E8BF700805EFD /* PrimeraApp */ = {
			isa = PBXNativeTarget;
			buildConfigurationList = FB8850B3273E8BF800805EFD /* Build configuration list for PBXNativeTarget "PrimeraApp" */;
			buildPhases = (
				FB885085273E8BF700805EFD /* Sources */,
				FB885086273E8BF700805EFD /* Frameworks */,
				FB885087273E8BF700805EFD /* Resources */,
			);
			buildRules = (
			);
			dependencies = (
			);
			name = PrimeraApp;
			productName = PrimeraApp;
			productReference = FB885089273E8BF700805EFD /* PrimeraApp.app */;
			productType = "com.apple.product-type.application";
		};
		FB88509E273E8BF800805EFD /* PrimeraAppTests */ = {
			isa = PBXNativeTarget;
			buildConfigurationList = FB8850B6273E8BF800805EFD /* Build configuration list for PBXNativeTarget "PrimeraAppTests" */;
			buildPhases = (
				FB88509B273E8BF800805EFD /* Sources */,
				FB88509C273E8BF800805EFD /* Frameworks */,
				FB88509D273E8BF800805EFD /* Resources */,
			);
			buildRules = (
			);
			dependencies = (
				FB8850A1273E8BF800805EFD /* PBXTargetDependency */,
			);
			name = PrimeraAppTests;
			productName = PrimeraAppTests;
			productReference = FB88509F273E8BF800805EFD /* PrimeraAppTests.xctest */;
			productType = "com.apple.product-type.bundle.unit-test";
		};
		FB8850A9273E8BF800805EFD /* PrimeraAppUITests */ = {
			isa = PBXNativeTarget;
			buildConfigurationList = FB8850B9273E8BF800805EFD /* Build configuration list for PBXNativeTarget "PrimeraAppUITests" */;
			buildPhases = (
				FB8850A6273E8BF800805EFD /* Sources */,
				FB8850A7273E8BF800805EFD /* Frameworks */,
				FB8850A8273E8BF800805EFD /* Resources */,
			);
			buildRules = (
			);
			dependencies = (
				FB8850AC273E8BF800805EFD /* PBXTargetDependency */,
			);
			name = PrimeraAppUITests;
			productName = PrimeraAppUITests;
			productReference = FB8850AA273E8BF800805EFD /* PrimeraAppUITests.xctest */;
			productType = "com.apple.product-type.bundle.ui-testing";
		};
/* End PBXNativeTarget section */

/* Begin PBXProject section */
		FB885081273E8BF700805EFD /* Project object */ = {
			isa = PBXProject;
			attributes = {
				LastSwiftUpdateCheck = 1230;
				LastUpgradeCheck = 1230;
				TargetAttributes = {
					FB885088273E8BF700805EFD = {
						CreatedOnToolsVersion = 12.3;
					};
					FB88509E273E8BF800805EFD = {
						CreatedOnToolsVersion = 12.3;
						TestTargetID = FB885088273E8BF700805EFD;
					};
					FB8850A9273E8BF800805EFD = {
						CreatedOnToolsVersion = 12.3;
						TestTargetID = FB885088273E8BF700805EFD;
					};
				};
			};
			buildConfigurationList = FB885084273E8BF700805EFD /* Build configuration list for PBXProject "PrimeraApp" */;
			compatibilityVersion = "Xcode 9.3";
			developmentRegion = en;
			hasScannedForEncodings = 0;
			knownRegions = (
				en,
				Base,
			);
			mainGroup = FB885080273E8BF700805EFD;
			productRefGroup = FB88508A273E8BF700805EFD /* Products */;
			projectDirPath = "";
			projectRoot = "";
			targets = (
				FB885088273E8BF700805EFD /* PrimeraApp */,
				FB88509E273E8BF800805EFD /* PrimeraAppTests */,
				FB8850A9273E8BF800805EFD /* PrimeraAppUITests */,
			);
		};
/* End PBXProject section */

/* Begin PBXResourcesBuildPhase section */
		FB885087273E8BF700805EFD /* Resources */ = {
			isa = PBXResourcesBuildPhase;
			buildActionMask = 2147483647;
			files = (
				FB885099273E8BF800805EFD /* LaunchScreen.storyboard in Resources */,
				FB885096273E8BF800805EFD /* Assets.xcassets in Resources */,
				FB885094273E8BF700805EFD /* Main.storyboard in Resources */,
			);
			runOnlyForDeploymentPostprocessing = 0;
		};
		FB88509D273E8BF800805EFD /* Resources */ = {
			isa = PBXResourcesBuildPhase;
			buildActionMask = 2147483647;
			files = (
			);
			runOnlyForDeploymentPostprocessing = 0;
		};
		FB8850A8273E8BF800805EFD /* Resources */ = {
			isa = PBXResourcesBuildPhase;
			buildActionMask = 2147483647;
			files = (
			);
			runOnlyForDeploymentPostprocessing = 0;
		};
/* End PBXResourcesBuildPhase section */

/* Begin PBXSourcesBuildPhase section */
		FB885085273E8BF700805EFD /* Sources */ = {
			isa = PBXSourcesBuildPhase;
			buildActionMask = 2147483647;
			files = (
				FB885091273E8BF700805EFD /* ViewController.swift in Sources */,
				FB88508D273E8BF700805EFD /* AppDelegate.swift in Sources */,
				FB88508F273E8BF700805EFD /* SceneDelegate.swift in Sources */,
			);
			runOnlyForDeploymentPostprocessing = 0;
		};
		FB88509B273E8BF800805EFD /* Sources */ = {
			isa = PBXSourcesBuildPhase;
			buildActionMask = 2147483647;
			files = (
				FB8850A4273E8BF800805EFD /* PrimeraAppTests.swift in Sources */,
			);
			runOnlyForDeploymentPostprocessing = 0;
		};
		FB8850A6273E8BF800805EFD /* Sources */ = {
			isa = PBXSourcesBuildPhase;
			buildActionMask = 2147483647;
			files = (
				FB8850AF273E8BF800805EFD /* PrimeraAppUITests.swift in Sources */,
			);
			runOnlyForDeploymentPostprocessing = 0;
		};
/* End PBXSourcesBuildPhase section */

/* Begin PBXTargetDependency section */
		FB8850A1273E8BF800805EFD /* PBXTargetDependency */ = {
			isa = PBXTargetDependency;
			target = FB885088273E8BF700805EFD /* PrimeraApp */;
			targetProxy = FB8850A0273E8BF800805EFD /* PBXContainerItemProxy */;
		};
		FB8850AC273E8BF800805EFD /* PBXTargetDependency */ = {
			isa = PBXTargetDependency;
			target = FB885088273E8BF700805EFD /* PrimeraApp */;
			targetProxy = FB8850AB273E8BF800805EFD /* PBXContainerItemProxy */;
		};
/* End PBXTargetDependency section */

/* Begin PBXVariantGroup section */
		FB885092273E8BF700805EFD /* Main.storyboard */ = {
			isa = PBXVariantGroup;
			children = (
				FB885093273E8BF700805EFD /* Base */,
			);
			name = Main.storyboard;
			sourceTree = "<group>";
		};
		FB885097273E8BF800805EFD /* LaunchScreen.storyboard */ = {
			isa = PBXVariantGroup;
			children = (
				FB885098273E8BF800805EFD /* Base */,
			);
			name = LaunchScreen.storyboard;
			sourceTree = "<group>";
		};
/* End PBXVariantGroup section */

/* Begin XCBuildConfiguration section */
		FB8850B1273E8BF800805EFD /* Debug */ = {
			isa = XCBuildConfiguration;
			buildSettings = {
				ALWAYS_SEARCH_USER_PATHS = NO;
				CLANG_ANALYZER_NONNULL = YES;
				CLANG_ANALYZER_NUMBER_OBJECT_CONVERSION = YES_AGGRESSIVE;
				CLANG_CXX_LANGUAGE_STANDARD = "gnu++14";
				CLANG_CXX_LIBRARY = "libc++";
				CLANG_ENABLE_MODULES = YES;
				CLANG_ENABLE_OBJC_ARC = YES;
				CLANG_ENABLE_OBJC_WEAK = YES;
				CLANG_WARN_BLOCK_CAPTURE_AUTORELEASING = YES;
				CLANG_WARN_BOOL_CONVERSION = YES;
				CLANG_WARN_COMMA = YES;
				CLANG_WARN_CONSTANT_CONVERSION = YES;
				CLANG_WARN_DEPRECATED_OBJC_IMPLEMENTATIONS = YES;
				CLANG_WARN_DIRECT_OBJC_ISA_USAGE = YES_ERROR;
				CLANG_WARN_DOCUMENTATION_COMMENTS = YES;
				CLANG_WARN_EMPTY_BODY = YES;
				CLANG_WARN_ENUM_CONVERSION = YES;
				CLANG_WARN_INFINITE_RECURSION = YES;
				CLANG_WARN_INT_CONVERSION = YES;
				CLANG_WARN_NON_LITERAL_NULL_CONVERSION = YES;
				CLANG_WARN_OBJC_IMPLICIT_RETAIN_SELF = YES;
				CLANG_WARN_OBJC_LITERAL_CONVERSION = YES;
				CLANG_WARN_OBJC_ROOT_CLASS = YES_ERROR;
				CLANG_WARN_QUOTED_INCLUDE_IN_FRAMEWORK_HEADER = YES;
				CLANG_WARN_RANGE_LOOP_ANALYSIS = YES;
				CLANG_WARN_STRICT_PROTOTYPES = YES;
				CLANG_WARN_SUSPICIOUS_MOVE = YES;
				CLANG_WARN_UNGUARDED_AVAILABILITY = YES_AGGRESSIVE;
				CLANG_WARN_UNREACHABLE_CODE = YES;
				CLANG_WARN__DUPLICATE_METHOD_MATCH = YES;
				COPY_PHASE_STRIP = NO;
				DEBUG_INFORMATION_FORMAT = dwarf;
				ENABLE_STRICT_OBJC_MSGSEND = YES;
				ENABLE_TESTABILITY = YES;
				GCC_C_LANGUAGE_STANDARD = gnu11;
				GCC_DYNAMIC_NO_PIC = NO;
				GCC_NO_COMMON_BLOCKS = YES;
				GCC_OPTIMIZATION_LEVEL = 0;
				GCC_PREPROCESSOR_DEFINITIONS = (
					"DEBUG=1",
					"$(inherited)",
				);
				GCC_WARN_64_TO_32_BIT_CONVERSION = YES;
				GCC_WARN_ABOUT_RETURN_TYPE = YES_ERROR;
				GCC_WARN_UNDECLARED_SELECTOR = YES;
				GCC_WARN_UNINITIALIZED_AUTOS = YES_AGGRESSIVE;
				GCC_WARN_UNUSED_FUNCTION = YES;
				GCC_WARN_UNUSED_VARIABLE = YES;
				IPHONEOS_DEPLOYMENT_TARGET = 14.3;
				MTL_ENABLE_DEBUG_INFO = INCLUDE_SOURCE;
				MTL_FAST_MATH = YES;
				ONLY_ACTIVE_ARCH = YES;
				SDKROOT = iphoneos;
				SWIFT_ACTIVE_COMPILATION_CONDITIONS = DEBUG;
				SWIFT_OPTIMIZATION_LEVEL = "-Onone";
			};
			name = Debug;
		};
		FB8850B2273E8BF800805EFD /* Release */ = {
			isa = XCBuildConfiguration;
			buildSettings = {
				ALWAYS_SEARCH_USER_PATHS = NO;
				CLANG_ANALYZER_NONNULL = YES;
				CLANG_ANALYZER_NUMBER_OBJECT_CONVERSION = YES_AGGRESSIVE;
				CLANG_CXX_LANGUAGE_STANDARD = "gnu++14";
				CLANG_CXX_LIBRARY = "libc++";
				CLANG_ENABLE_MODULES = YES;
				CLANG_ENABLE_OBJC_ARC = YES;
				CLANG_ENABLE_OBJC_WEAK = YES;
				CLANG_WARN_BLOCK_CAPTURE_AUTORELEASING = YES;
				CLANG_WARN_BOOL_CONVERSION = YES;
				CLANG_WARN_COMMA = YES;
				CLANG_WARN_CONSTANT_CONVERSION = YES;
				CLANG_WARN_DEPRECATED_OBJC_IMPLEMENTATIONS = YES;
				CLANG_WARN_DIRECT_OBJC_ISA_USAGE = YES_ERROR;
				CLANG_WARN_DOCUMENTATION_COMMENTS = YES;
				CLANG_WARN_EMPTY_BODY = YES;
				CLANG_WARN_ENUM_CONVERSION = YES;
				CLANG_WARN_INFINITE_RECURSION = YES;
				CLANG_WARN_INT_CONVERSION = YES;
				CLANG_WARN_NON_LITERAL_NULL_CONVERSION = YES;
				CLANG_WARN_OBJC_IMPLICIT_RETAIN_SELF = YES;
				CLANG_WARN_OBJC_LITERAL_CONVERSION = YES;
				CLANG_WARN_OBJC_ROOT_CLASS = YES_ERROR;
				CLANG_WARN_QUOTED_INCLUDE_IN_FRAMEWORK_HEADER = YES;
				CLANG_WARN_RANGE_LOOP_ANALYSIS = YES;
				CLANG_WARN_STRICT_PROTOTYPES = YES;
				CLANG_WARN_SUSPICIOUS_MOVE = YES;
				CLANG_WARN_UNGUARDED_AVAILABILITY = YES_AGGRESSIVE;
				CLANG_WARN_UNREACHABLE_CODE = YES;
				CLANG_WARN__DUPLICATE_METHOD_MATCH = YES;
				COPY_PHASE_STRIP = NO;
				DEBUG_INFORMATION_FORMAT = "dwarf-with-dsym";
				ENABLE_NS_ASSERTIONS = NO;
				ENABLE_STRICT_OBJC_MSGSEND = YES;
				GCC_C_LANGUAGE_STANDARD = gnu11;
				GCC_NO_COMMON_BLOCKS = YES;
				GCC_WARN_64_TO_32_BIT_CONVERSION = YES;
				GCC_WARN_ABOUT_RETURN_TYPE = YES_ERROR;
				GCC_WARN_UNDECLARED_SELECTOR = YES;
				GCC_WARN_UNINITIALIZED_AUTOS = YES_AGGRESSIVE;
				GCC_WARN_UNUSED_FUNCTION = YES;
				GCC_WARN_UNUSED_VARIABLE = YES;
				IPHONEOS_DEPLOYMENT_TARGET = 14.3;
				MTL_ENABLE_DEBUG_INFO = NO;
				MTL_FAST_MATH = YES;
				SDKROOT = iphoneos;
				SWIFT_COMPILATION_MODE = wholemodule;
				SWIFT_OPTIMIZATION_LEVEL = "-O";
				VALIDATE_PRODUCT = YES;
			};
			name = Release;
		};
		FB8850B4273E8BF800805EFD /* Debug */ = {
			isa = XCBuildConfiguration;
			buildSettings = {
				ASSETCATALOG_COMPILER_APPICON_NAME = AppIcon;
				ASSETCATALOG_COMPILER_GLOBAL_ACCENT_COLOR_NAME = AccentColor;
				CODE_SIGN_STYLE = Automatic;
				INFOPLIST_FILE = PrimeraApp/Info.plist;
				LD_RUNPATH_SEARCH_PATHS = (
					"$(inherited)",
					"@executable_path/Frameworks",
				);
				PRODUCT_BUNDLE_IDENTIFIER = test.PrimeraApp;
				PRODUCT_NAME = "$(TARGET_NAME)";
				SWIFT_VERSION = 5.0;
				TARGETED_DEVICE_FAMILY = "1,2";
			};
			name = Debug;
		};
		FB8850B5273E8BF800805EFD /* Release */ = {
			isa = XCBuildConfiguration;
			buildSettings = {
				ASSETCATALOG_COMPILER_APPICON_NAME = AppIcon;
				ASSETCATALOG_COMPILER_GLOBAL_ACCENT_COLOR_NAME = AccentColor;
				CODE_SIGN_STYLE = Automatic;
				INFOPLIST_FILE = PrimeraApp/Info.plist;
				LD_RUNPATH_SEARCH_PATHS = (
					"$(inherited)",
					"@executable_path/Frameworks",
				);
				PRODUCT_BUNDLE_IDENTIFIER = test.PrimeraApp;
				PRODUCT_NAME = "$(TARGET_NAME)";
				SWIFT_VERSION = 5.0;
				TARGETED_DEVICE_FAMILY = "1,2";
			};
			name = Release;
		};
		FB8850B7273E8BF800805EFD /* Debug */ = {
			isa = XCBuildConfiguration;
			buildSettings = {
				ALWAYS_EMBED_SWIFT_STANDARD_LIBRARIES = YES;
				BUNDLE_LOADER = "$(TEST_HOST)";
				CODE_SIGN_STYLE = Automatic;
				INFOPLIST_FILE = PrimeraAppTests/Info.plist;
				IPHONEOS_DEPLOYMENT_TARGET = 14.3;
				LD_RUNPATH_SEARCH_PATHS = (
					"$(inherited)",
					"@executable_path/Frameworks",
					"@loader_path/Frameworks",
				);
				PRODUCT_BUNDLE_IDENTIFIER = test.PrimeraAppTests;
				PRODUCT_NAME = "$(TARGET_NAME)";
				SWIFT_VERSION = 5.0;
				TARGETED_DEVICE_FAMILY = "1,2";
				TEST_HOST = "$(BUILT_PRODUCTS_DIR)/PrimeraApp.app/PrimeraApp";
			};
			name = Debug;
		};
		FB8850B8273E8BF800805EFD /* Release */ = {
			isa = XCBuildConfiguration;
			buildSettings = {
				ALWAYS_EMBED_SWIFT_STANDARD_LIBRARIES = YES;
				BUNDLE_LOADER = "$(TEST_HOST)";
				CODE_SIGN_STYLE = Automatic;
				INFOPLIST_FILE = PrimeraAppTests/Info.plist;
				IPHONEOS_DEPLOYMENT_TARGET = 14.3;
				LD_RUNPATH_SEARCH_PATHS = (
					"$(inherited)",
					"@executable_path/Frameworks",
					"@loader_path/Frameworks",
				);
				PRODUCT_BUNDLE_IDENTIFIER = test.PrimeraAppTests;
				PRODUCT_NAME = "$(TARGET_NAME)";
				SWIFT_VERSION = 5.0;
				TARGETED_DEVICE_FAMILY = "1,2";
				TEST_HOST = "$(BUILT_PRODUCTS_DIR)/PrimeraApp.app/PrimeraApp";
			};
			name = Release;
		};
		FB8850BA273E8BF800805EFD /* Debug */ = {
			isa = XCBuildConfiguration;
			buildSettings = {
				ALWAYS_EMBED_SWIFT_STANDARD_LIBRARIES = YES;
				CODE_SIGN_STYLE = Automatic;
				INFOPLIST_FILE = PrimeraAppUITests/Info.plist;
				LD_RUNPATH_SEARCH_PATHS = (
					"$(inherited)",
					"@executable_path/Frameworks",
					"@loader_path/Frameworks",
				);
				PRODUCT_BUNDLE_IDENTIFIER = test.PrimeraAppUITests;
				PRODUCT_NAME = "$(TARGET_NAME)";
				SWIFT_VERSION = 5.0;
				TARGETED_DEVICE_FAMILY = "1,2";
				TEST_TARGET_NAME = PrimeraApp;
			};
			name = Debug;
		};
		FB8850BB273E8BF800805EFD /* Release */ = {
			isa = XCBuildConfiguration;
			buildSettings = {
				ALWAYS_EMBED_SWIFT_STANDARD_LIBRARIES = YES;
				CODE_SIGN_STYLE = Automatic;
				INFOPLIST_FILE = PrimeraAppUITests/Info.plist;
				LD_RUNPATH_SEARCH_PATHS = (
					"$(inherited)",
					"@executable_path/Frameworks",
					"@loader_path/Frameworks",
				);
				PRODUCT_BUNDLE_IDENTIFIER = test.PrimeraAppUITests;
				PRODUCT_NAME = "$(TARGET_NAME)";
				SWIFT_VERSION = 5.0;
				TARGETED_DEVICE_FAMILY = "1,2";
				TEST_TARGET_NAME = PrimeraApp;
			};
			name = Release;
		};
/* End XCBuildConfiguration section */

/* Begin XCConfigurationList section */
		FB885084273E8BF700805EFD /* Build configuration list for PBXProject "PrimeraApp" */ = {
			isa = XCConfigurationList;
			buildConfigurations = (
				FB8850B1273E8BF800805EFD /* Debug */,
				FB8850B2273E8BF800805EFD /* Release */,
			);
			defaultConfigurationIsVisible = 0;
			defaultConfigurationName = Release;
		};
		FB8850B3273E8BF800805EFD /* Build configuration list for PBXNativeTarget "PrimeraApp" */ = {
			isa = XCConfigurationList;
			buildConfigurations = (
				FB8850B4273E8BF800805EFD /* Debug */,
				FB8850B5273E8BF800805EFD /* Release */,
			);
			defaultConfigurationIsVisible = 0;
			defaultConfigurationName = Release;
		};
		FB8850B6273E8BF800805EFD /* Build configuration list for PBXNativeTarget "PrimeraAppTests" */ = {
			isa = XCConfigurationList;
			buildConfigurations = (
				FB8850B7273E8BF800805EFD /* Debug */,
				FB8850B8273E8BF800805EFD /* Release */,
			);
			defaultConfigurationIsVisible = 0;
			defaultConfigurationName = Release;
		};
		FB8850B9273E8BF800805EFD /* Build configuration list for PBXNativeTarget "PrimeraAppUITests" */ = {
			isa = XCConfigurationList;
			buildConfigurations = (
				FB8850BA273E8BF800805EFD /* Debug */,
				FB8850BB273E8BF800805EFD /* Release */,
			);
			defaultConfigurationIsVisible = 0;
			defaultConfigurationName = Release;
		};
/* End XCConfigurationList section */
	};
	rootObject = FB885081273E8BF700805EFD /* Project object */;
}
